# THIS IS AN AUTOGENERATED FILE. DO NOT EDIT THIS FILE DIRECTLY.
# yarn lockfile v1


"@babylonjs/core@^6.0.0":
  version "6.25.0"
  resolved "https://registry.npmjs.org/@babylonjs/core/-/core-6.25.0.tgz"
  integrity sha512-qM0YSmiS+j4aCA82tGcz0y43hwzPGlcAT0uv+sAnLfzLUqB/Q9akbqHTRmv3qZW2Os54/lkF5foBwzkYTitdkg==

"@babylonjs/gui-editor@^6.0.0":
  version "6.25.0"
  resolved "https://registry.npmjs.org/@babylonjs/gui-editor/-/gui-editor-6.25.0.tgz"
  integrity sha512-lycpliPXC/XeSES1Mt8hE2302arlWt2SNxcZR45gOyeb/HEFqpB0QHYt/0TgkJ5aHJ84bQWRQcwIMoqtOxPs2A==

"@babylonjs/gui@^6.0.0":
  version "6.25.0"
  resolved "https://registry.npmjs.org/@babylonjs/gui/-/gui-6.25.0.tgz"
  integrity sha512-+MO6USQZenTK+geGl/gydKrqExCIElwYJ3uvwowHv4p01TvHvWTph2w7q9Bdn7mVGGoIhNH7zczE82ZwXillgQ==

"@babylonjs/inspector@^6.0.0":
  version "6.25.0"
  resolved "https://registry.npmjs.org/@babylonjs/inspector/-/inspector-6.25.0.tgz"
  integrity sha512-4yFNGLD27NZOrGRZuSFOVSQ9zDCY0yCdl1+ga11ouKDzIg8MnTmeJuLg81RgEYgTznyZaC39GHnTdgTkwPzMzw==
  dependencies:
    "@fortawesome/fontawesome-svg-core" "^6.1.0"
    "@fortawesome/free-regular-svg-icons" "^6.0.0"
    "@fortawesome/free-solid-svg-icons" "^6.0.0"

"@babylonjs/loaders@^6.0.0":
  version "6.25.0"
  resolved "https://registry.npmjs.org/@babylonjs/loaders/-/loaders-6.25.0.tgz"
  integrity sha512-2NGV3QfvcqiFFPCI5WOuhtkeJKrJT069omY0ERtrsdh5HxvUMdRdOnY5pNrLOLNhysLTF+2cl5HA6irxij9DGQ==

"@babylonjs/materials@^6.0.0":
  version "6.25.0"
  resolved "https://registry.npmjs.org/@babylonjs/materials/-/materials-6.25.0.tgz"
  integrity sha512-FfKitkBzLKdHC3Hm2P8ZZPbijnW9fEdyYSM/ZNSrYjrKN4fY7VFHD9OB45U6pCAtr9TPtsDybPniRXvn4MrTjw==

"@babylonjs/serializers@^6.0.0":
  version "6.25.0"
  resolved "https://registry.npmjs.org/@babylonjs/serializers/-/serializers-6.25.0.tgz"
  integrity sha512-Xw1OdA+Xw4H7XJwTPHlWS0F9AmvfhF+pXPk97BPbW10ZOTLb///2Fcgr9Rd+XblDDyqxeRYpwcypXXFGklVy3A==

"@esbuild/linux-x64@0.18.20":
  version "0.18.20"
  resolved "https://registry.npmjs.org/@esbuild/linux-x64/-/linux-x64-0.18.20.tgz"
  integrity sha512-UYqiqemphJcNsFEskc73jQ7B9jgwjWrSayxawS6UVFZGWrAAtkzjxSqnoclCXxWtfwLdzU+vTpcNYhpn43uP1w==

"@fortawesome/fontawesome-common-types@6.1.2":
  version "6.1.2"
  resolved "https://registry.npmjs.org/@fortawesome/fontawesome-common-types/-/fontawesome-common-types-6.1.2.tgz"
  integrity sha512-wBaAPGz1Awxg05e0PBRkDRuTsy4B3dpBm+zreTTyd9TH4uUM27cAL4xWyWR0rLJCrRwzVsQ4hF3FvM6rqydKPA==

"@fortawesome/fontawesome-svg-core@^6.1.0":
  version "6.1.2"
  resolved "https://registry.npmjs.org/@fortawesome/fontawesome-svg-core/-/fontawesome-svg-core-6.1.2.tgz"
  integrity sha512-853G/Htp0BOdXnPoeCPTjFrVwyrJHpe8MhjB/DYE9XjwhnNDfuBCd3aKc2YUYbEfHEcBws4UAA0kA9dymZKGjA==
  dependencies:
    "@fortawesome/fontawesome-common-types" "6.1.2"

"@fortawesome/free-regular-svg-icons@^6.0.0":
  version "6.1.2"
  resolved "https://registry.npmjs.org/@fortawesome/free-regular-svg-icons/-/free-regular-svg-icons-6.1.2.tgz"
  integrity sha512-xR4hA+tAwsaTHGfb+25H1gVU/aJ0Rzu+xIUfnyrhaL13yNQ7TWiI2RvzniAaB+VGHDU2a+Pk96Ve+pkN3/+TTQ==
  dependencies:
    "@fortawesome/fontawesome-common-types" "6.1.2"

"@fortawesome/free-solid-svg-icons@^6.0.0":
  version "6.1.2"
  resolved "https://registry.npmjs.org/@fortawesome/free-solid-svg-icons/-/free-solid-svg-icons-6.1.2.tgz"
  integrity sha512-lTgZz+cMpzjkHmCwOG3E1ilUZrnINYdqMmrkv30EC3XbRsGlbIOL8H9LaNp5SV4g0pNJDfQ4EdTWWaMvdwyLiQ==
  dependencies:
    "@fortawesome/fontawesome-common-types" "6.1.2"

"@types/prop-types@*":
  version "15.7.5"
  resolved "https://registry.npmjs.org/@types/prop-types/-/prop-types-15.7.5.tgz"
  integrity sha512-JCB8C6SnDoQf0cNycqd/35A7MjcnK+ZTqE7judS6o7utxUCg6imJg3QK2qzHKszlTjcj2cn+NwMB2i96ubpj7w==

"@types/react-dom@>=16.0.9":
  version "18.0.6"
  resolved "https://registry.npmjs.org/@types/react-dom/-/react-dom-18.0.6.tgz"
  integrity sha512-/5OFZgfIPSwy+YuIBP/FgJnQnsxhZhjjrnxudMddeblOouIodEQ75X14Rr4wGSG/bknL+Omy9iWlLo1u/9GzAA==
  dependencies:
    "@types/react" "*"

"@types/react@*", "@types/react@>=16.7.3":
  version "18.0.17"
  resolved "https://registry.npmjs.org/@types/react/-/react-18.0.17.tgz"
  integrity sha512-38ETy4tL+rn4uQQi7mB81G7V1g0u2ryquNmsVIOKUAEIDK+3CUjZ6rSRpdvS99dNBnkLFL83qfmtLacGOTIhwQ==
  dependencies:
    "@types/prop-types" "*"
    "@types/scheduler" "*"
    csstype "^3.0.2"

"@types/scheduler@*":
  version "0.16.2"
  resolved "https://registry.npmjs.org/@types/scheduler/-/scheduler-0.16.2.tgz"
  integrity sha512-hppQEBDmlwhFAXKJX2KnWLYu5yMfi91yazPb2l+lbJiwW+wdo1gNeRA+3RgNSO39WYX2euey41KEwnqesU2Jew==

babylonjs-gltf2interface@^6.0.0, babylonjs-gltf2interface@^6.25.0:
  version "6.25.0"
  resolved "https://registry.npmjs.org/babylonjs-gltf2interface/-/babylonjs-gltf2interface-6.25.0.tgz"
  integrity sha512-54YjguOXfJXSynJ/M+ZPEIUFK4O8zBxb55tLhivcw2tkLH4IyudkH/bdFC2wQhEJ6lFzHoYhUWE0zd6WK8Zj0A==

csstype@^3.0.2:
  version "3.1.0"
  resolved "https://registry.npmjs.org/csstype/-/csstype-3.1.0.tgz"
  integrity sha512-uX1KG+x9h5hIJsaKR9xHUeUraxf8IODOwq9JLNPq6BwB04a/xgpq3rcx47l5BZu5zBPlgD342tdke3Hom/nJRA==

esbuild@^0.18.10:
  version "0.18.20"
  resolved "https://registry.npmjs.org/esbuild/-/esbuild-0.18.20.tgz"
  integrity sha512-ceqxoedUrcayh7Y7ZX6NdbbDzGROiyVBgC4PriJThBKSVPWnnFHZAkfI1lJT8QFkOwH4qOS2SJkS4wvpGl8BpA==
  optionalDependencies:
    "@esbuild/android-arm" "0.18.20"
    "@esbuild/android-arm64" "0.18.20"
    "@esbuild/android-x64" "0.18.20"
    "@esbuild/darwin-arm64" "0.18.20"
    "@esbuild/darwin-x64" "0.18.20"
    "@esbuild/freebsd-arm64" "0.18.20"
    "@esbuild/freebsd-x64" "0.18.20"
    "@esbuild/linux-arm" "0.18.20"
    "@esbuild/linux-arm64" "0.18.20"
    "@esbuild/linux-ia32" "0.18.20"
    "@esbuild/linux-loong64" "0.18.20"
    "@esbuild/linux-mips64el" "0.18.20"
    "@esbuild/linux-ppc64" "0.18.20"
    "@esbuild/linux-riscv64" "0.18.20"
    "@esbuild/linux-s390x" "0.18.20"
    "@esbuild/linux-x64" "0.18.20"
    "@esbuild/netbsd-x64" "0.18.20"
    "@esbuild/openbsd-x64" "0.18.20"
    "@esbuild/sunos-x64" "0.18.20"
    "@esbuild/win32-arm64" "0.18.20"
    "@esbuild/win32-ia32" "0.18.20"
    "@esbuild/win32-x64" "0.18.20"

nanoid@^3.3.6:
  version "3.3.6"
  resolved "https://registry.npmjs.org/nanoid/-/nanoid-3.3.6.tgz"
  integrity sha512-BGcqMMJuToF7i1rt+2PWSNVnWIkGCU78jBG3RxO/bZlnZPK2Cmi2QaffxGO/2RvWi9sL+FAiRiXMgsyxQ1DIDA==

picocolors@^1.0.0:
  version "1.0.0"
  resolved "https://registry.npmjs.org/picocolors/-/picocolors-1.0.0.tgz"
  integrity sha512-1fygroTLlHu66zi26VoTDv8yRgm0Fccecssto+MhsZ0D/DGW2sm8E8AjW7NU5VVTRt5GxbeZ5qBuJr+HyLYkjQ==

postcss@^8.4.27:
  version "8.4.31"
  resolved "https://registry.npmjs.org/postcss/-/postcss-8.4.31.tgz"
  integrity sha512-PS08Iboia9mts/2ygV3eLpY5ghnUcfLV/EXTOW1E2qYxJKGGBUtNjN76FYHnMs36RmARn41bC0AZmn+rR0OVpQ==
  dependencies:
    nanoid "^3.3.6"
    picocolors "^1.0.0"
    source-map-js "^1.0.2"

rollup@^3.27.1:
  version "3.29.4"
  resolved "https://registry.npmjs.org/rollup/-/rollup-3.29.4.tgz"
  integrity sha512-oWzmBZwvYrU0iJHtDmhsm662rC15FRXmcjCk1xD771dFDx5jJ02ufAQQTn0etB2emNk4J9EZg/yWKpsn9BWGRw==
  optionalDependencies:
    fsevents "~2.3.2"

source-map-js@^1.0.2:
  version "1.0.2"
  resolved "https://registry.npmjs.org/source-map-js/-/source-map-js-1.0.2.tgz"
  integrity sha512-R0XvVJ9WusLiqTCEiGCmICCMplcCkIwwR11mOSD9CR5u+IXYdiseeEuXCVAjS54zqwkLcPNnmU4OeJ6tUrWhDw==

typescript@~5.2.2:
  version "5.2.2"
  resolved "https://registry.npmjs.org/typescript/-/typescript-5.2.2.tgz"
  integrity sha512-mI4WrpHsbCIcwT9cF4FZvr80QUeKvsUsUvKDoR+X/7XHQH98xYD8YHZg7ANtz2GtZt/CBq2QJ0thkGJMHfqc1w==

vite@^4.5.0:
  version "4.5.0"
  resolved "https://registry.npmjs.org/vite/-/vite-4.5.0.tgz"
  integrity sha512-ulr8rNLA6rkyFAlVWw2q5YJ91v098AFQ2R0PRFwPzREXOUJQPtFUG0t+/ZikhaOCDqFoDhN6/v8Sq0o4araFAw==
  dependencies:
    esbuild "^0.18.10"
    postcss "^8.4.27"
    rollup "^3.27.1"
  optionalDependencies:
    fsevents "~2.3.2"
